
Microsoft Visual Studio Solution File, Format Version 12.00
# Visual Studio Version 17
VisualStudioVersion = 17.1.32407.343
MinimumVisualStudioVersion = 10.0.40219.1
Project("{9A19103F-16F7-4668-BE54-9A1E7A4F7556}") = "Clipple.Wpf", "Clipple\Clipple.Wpf.csproj", "{97BFF980-7E14-4B9C-AD7D-3A6F9654A876}"
EndProject
Project("{C7167F0D-BC9F-4E6E-AFE1-012C56B48DB5}") = "Clipple.MSIX", "Test\Clipple.MSIX.wapproj", "{F998BB54-DAA5-4EC1-A88C-42343BB2A625}"
EndProject
Global
	GlobalSection(SolutionConfigurationPlatforms) = preSolution
		Debug|Any CPU = Debug|Any CPU
		Debug|ARM = Debug|ARM
		Debug|ARM64 = Debug|ARM64
		Debug|x64 = Debug|x64
		Debug|x86 = Debug|x86
		Release|Any CPU = Release|Any CPU
		Release|ARM = Release|ARM
		Release|ARM64 = Release|ARM64
		Release|x64 = Release|x64
		Release|x86 = Release|x86
	EndGlobalSection
	GlobalSection(ProjectConfigurationPlatforms) = postSolution
		{97BFF980-7E14-4B9C-AD7D-3A6F9654A876}.Debug|Any CPU.ActiveCfg = Debug|Any CPU
		{97BFF980-7E14-4B9C-AD7D-3A6F9654A876}.Debug|Any CPU.Build.0 = Debug|Any CPU
		{97BFF980-7E14-4B9C-AD7D-3A6F9654A876}.Debug|ARM.ActiveCfg = Debug|Any CPU
		{97BFF980-7E14-4B9C-AD7D-3A6F9654A876}.Debug|ARM.Build.0 = Debug|Any CPU
		{97BFF980-7E14-4B9C-AD7D-3A6F9654A876}.Debug|ARM64.ActiveCfg = Debug|Any CPU
		{97BFF980-7E14-4B9C-AD7D-3A6F9654A876}.Debug|ARM64.Build.0 = Debug|Any CPU
		{97BFF980-7E14-4B9C-AD7D-3A6F9654A876}.Debug|x64.ActiveCfg = Debug|x64
		{97BFF980-7E14-4B9C-AD7D-3A6F9654A876}.Debug|x64.Build.0 = Debug|x64
		{97BFF980-7E14-4B9C-AD7D-3A6F9654A876}.Debug|x86.ActiveCfg = Debug|Any CPU
		{97BFF980-7E14-4B9C-AD7D-3A6F9654A876}.Debug|x86.Build.0 = Debug|Any CPU
		{97BFF980-7E14-4B9C-AD7D-3A6F9654A876}.Release|Any CPU.ActiveCfg = Release|Any CPU
		{97BFF980-7E14-4B9C-AD7D-3A6F9654A876}.Release|Any CPU.Build.0 = Release|Any CPU
		{97BFF980-7E14-4B9C-AD7D-3A6F9654A876}.Release|ARM.ActiveCfg = Release|Any CPU
		{97BFF980-7E14-4B9C-AD7D-3A6F9654A876}.Release|ARM.Build.0 = Release|Any CPU
		{97BFF980-7E14-4B9C-AD7D-3A6F9654A876}.Release|ARM64.ActiveCfg = Release|Any CPU
		{97BFF980-7E14-4B9C-AD7D-3A6F9654A876}.Release|ARM64.Build.0 = Release|Any CPU
		{97BFF980-7E14-4B9C-AD7D-3A6F9654A876}.Release|x64.ActiveCfg = Release|x64
		{97BFF980-7E14-4B9C-AD7D-3A6F9654A876}.Release|x64.Build.0 = Release|x64
		{97BFF980-7E14-4B9C-AD7D-3A6F9654A876}.Release|x86.ActiveCfg = Release|Any CPU
		{97BFF980-7E14-4B9C-AD7D-3A6F9654A876}.Release|x86.Build.0 = Release|Any CPU
		{F998BB54-DAA5-4EC1-A88C-42343BB2A625}.Debug|Any CPU.ActiveCfg = Debug|Any CPU
		{F998BB54-DAA5-4EC1-A88C-42343BB2A625}.Debug|Any CPU.Build.0 = Debug|Any CPU
		{F998BB54-DAA5-4EC1-A88C-42343BB2A625}.Debug|Any CPU.Deploy.0 = Debug|Any CPU
		{F998BB54-DAA5-4EC1-A88C-42343BB2A625}.Debug|ARM.ActiveCfg = Debug|ARM
		{F998BB54-DAA5-4EC1-A88C-42343BB2A625}.Debug|ARM.Build.0 = Debug|ARM
		{F998BB54-DAA5-4EC1-A88C-42343BB2A625}.Debug|ARM.Deploy.0 = Debug|ARM
		{F998BB54-DAA5-4EC1-A88C-42343BB2A625}.Debug|ARM64.ActiveCfg = Debug|ARM64
		{F998BB54-DAA5-4EC1-A88C-42343BB2A625}.Debug|ARM64.Build.0 = Debug|ARM64
		{F998BB54-DAA5-4EC1-A88C-42343BB2A625}.Debug|ARM64.Deploy.0 = Debug|ARM64
		{F998BB54-DAA5-4EC1-A88C-42343BB2A625}.Debug|x64.ActiveCfg = Debug|x64
		{F998BB54-DAA5-4EC1-A88C-42343BB2A625}.Debug|x64.Build.0 = Debug|x64
		{F998BB54-DAA5-4EC1-A88C-42343BB2A625}.Debug|x64.Deploy.0 = Debug|x64
		{F998BB54-DAA5-4EC1-A88C-42343BB2A625}.Debug|x86.ActiveCfg = Debug|x86
		{F998BB54-DAA5-4EC1-A88C-42343BB2A625}.Debug|x86.Build.0 = Debug|x86
		{F998BB54-DAA5-4EC1-A88C-42343BB2A625}.Debug|x86.Deploy.0 = Debug|x86
		{F998BB54-DAA5-4EC1-A88C-42343BB2A625}.Release|Any CPU.ActiveCfg = Release|Any CPU
		{F998BB54-DAA5-4EC1-A88C-42343BB2A625}.Release|Any CPU.Build.0 = Release|Any CPU
		{F998BB54-DAA5-4EC1-A88C-42343BB2A625}.Release|Any CPU.Deploy.0 = Release|Any CPU
		{F998BB54-DAA5-4EC1-A88C-42343BB2A625}.Release|ARM.ActiveCfg = Release|ARM
		{F998BB54-DAA5-4EC1-A88C-42343BB2A625}.Release|ARM.Build.0 = Release|ARM
		{F998BB54-DAA5-4EC1-A88C-42343BB2A625}.Release|ARM.Deploy.0 = Release|ARM
		{F998BB54-DAA5-4EC1-A88C-42343BB2A625}.Release|ARM64.ActiveCfg = Release|ARM64
		{F998BB54-DAA5-4EC1-A88C-42343BB2A625}.Release|ARM64.Build.0 = Release|ARM64
		{F998BB54-DAA5-4EC1-A88C-42343BB2A625}.Release|ARM64.Deploy.0 = Release|ARM64
		{F998BB54-DAA5-4EC1-A88C-42343BB2A625}.Release|x64.ActiveCfg = Release|x64
		{F998BB54-DAA5-4EC1-A88C-42343BB2A625}.Release|x64.Build.0 = Release|x64
		{F998BB54-DAA5-4EC1-A88C-42343BB2A625}.Release|x64.Deploy.0 = Release|x64
		{F998BB54-DAA5-4EC1-A88C-42343BB2A625}.Release|x86.ActiveCfg = Release|x86
		{F998BB54-DAA5-4EC1-A88C-42343BB2A625}.Release|x86.Build.0 = Release|x86
		{F998BB54-DAA5-4EC1-A88C-42343BB2A625}.Release|x86.Deploy.0 = Release|x86
	EndGlobalSection
	GlobalSection(SolutionProperties) = preSolution
		HideSolutionNode = FALSE
	EndGlobalSection
	GlobalSection(ExtensibilityGlobals) = postSolution
		SolutionGuid = {E99FEB46-BD2B-4485-B372-5CDB23BCEEC0}
	EndGlobalSection
EndGlobal
